
Microsoft Visual Studio Solution File, Format Version 12.00
# Visual Studio Version 17
VisualStudioVersion = 17.3.32714.290
MinimumVisualStudioVersion = 10.0.40219.1
Project("{9A19103F-16F7-4668-BE54-9A1E7A4F7556}") = "ImGUI", "ImGUI.csproj", "{7C491EEC-D688-40CF-BEA0-7C75492A61D9}"
EndProject
Global
	GlobalSection(SolutionConfigurationPlatforms) = preSolution
		Debug|Any CPU = Debug|Any CPU
		Release|Any CPU = Release|Any CPU
	EndGlobalSection
	GlobalSection(ProjectConfigurationPlatforms) = postSolution
		{7C491EEC-D688-40CF-BEA0-7C75492A61D9}.Debug|Any CPU.ActiveCfg = Debug|Any CPU
		{7C491EEC-D688-40CF-BEA0-7C75492A61D9}.Debug|Any CPU.Build.0 = Debug|Any CPU
		{7C491EEC-D688-40CF-BEA0-7C75492A61D9}.Release|Any CPU.ActiveCfg = Release|Any CPU
		{7C491EEC-D688-40CF-BEA0-7C75492A61D9}.Release|Any CPU.Build.0 = Release|Any CPU
	EndGlobalSection
	GlobalSection(SolutionProperties) = preSolution
		HideSolutionNode = FALSE
	EndGlobalSection
	GlobalSection(ExtensibilityGlobals) = postSolution
		SolutionGuid = {8458C5C6-B7B9-42C0-BF34-6F801E190ED6}
	EndGlobalSection
EndGlobal
